
Microsoft Visual Studio Solution File, Format Version 12.00
# Visual Studio Version 17
VisualStudioVersion = 17.7.34024.191
MinimumVisualStudioVersion = 10.0.40219.1
Project("{FAE04EC0-301F-11D3-BF4B-00C04F79EFBC}") = "Coraza_MachineProblem1", "Coraza_MachineProblem1.csproj", "{93537DD9-7155-46CE-875E-E74B052D7690}"
EndProject
Global
	GlobalSection(SolutionConfigurationPlatforms) = preSolution
		Debug|Any CPU = Debug|Any CPU
		Release|Any CPU = Release|Any CPU
	EndGlobalSection
	GlobalSection(ProjectConfigurationPlatforms) = postSolution
		{93537DD9-7155-46CE-875E-E74B052D7690}.Debug|Any CPU.ActiveCfg = Debug|Any CPU
		{93537DD9-7155-46CE-875E-E74B052D7690}.Debug|Any CPU.Build.0 = Debug|Any CPU
		{93537DD9-7155-46CE-875E-E74B052D7690}.Release|Any CPU.ActiveCfg = Release|Any CPU
		{93537DD9-7155-46CE-875E-E74B052D7690}.Release|Any CPU.Build.0 = Release|Any CPU
	EndGlobalSection
	GlobalSection(SolutionProperties) = preSolution
		HideSolutionNode = FALSE
	EndGlobalSection
	GlobalSection(ExtensibilityGlobals) = postSolution
		SolutionGuid = {5D711729-27CC-47D3-9E8C-CBB1332B36A2}
	EndGlobalSection
EndGlobal
